// !$*UTF8*$!
{
	archiveVersion = 1;
	classes = {
	};
	objectVersion = 55;
	objects = {

/* Begin PBXBuildFile section */
		27098BCB28EF1502002E5D26 /* Tab.swift in Sources */ = {isa = PBXBuildFile; fileRef = 27098BCA28EF1502002E5D26 /* Tab.swift */; };
		2772B7F228EC4D7700399C27 /* Styles.swift in Sources */ = {isa = PBXBuildFile; fileRef = 2772B7F128EC4D7700399C27 /* Styles.swift */; };
		2772B7F428EC688E00399C27 /* PersonView.swift in Sources */ = {isa = PBXBuildFile; fileRef = 2772B7F328EC688E00399C27 /* PersonView.swift */; };
		2795143E28F89B620037F5A6 /* MatchedView.swift in Sources */ = {isa = PBXBuildFile; fileRef = 2795143D28F89B620037F5A6 /* MatchedView.swift */; };
		27ADFAA628F0A3C80070026C /* HomeView.swift in Sources */ = {isa = PBXBuildFile; fileRef = 27ADFAA528F0A3C80070026C /* HomeView.swift */; };
		27C3185728EA2410006805AC /* CoursesApp.swift in Sources */ = {isa = PBXBuildFile; fileRef = 27C3185628EA2410006805AC /* CoursesApp.swift */; };
		27C3185928EA2410006805AC /* ContentView.swift in Sources */ = {isa = PBXBuildFile; fileRef = 27C3185828EA2410006805AC /* ContentView.swift */; };
		27C3185B28EA2412006805AC /* Assets.xcassets in Resources */ = {isa = PBXBuildFile; fileRef = 27C3185A28EA2412006805AC /* Assets.xcassets */; };
		27C3185E28EA2412006805AC /* Preview Assets.xcassets in Resources */ = {isa = PBXBuildFile; fileRef = 27C3185D28EA2412006805AC /* Preview Assets.xcassets */; };
		27D36B5528EDDB3100793563 /* BlobView.swift in Sources */ = {isa = PBXBuildFile; fileRef = 27D36B5428EDDB3000793563 /* BlobView.swift */; };
		27D36B5728EDF08C00793563 /* TabBar.swift in Sources */ = {isa = PBXBuildFile; fileRef = 27D36B5628EDF08C00793563 /* TabBar.swift */; };
		27FA041628F5B2B600D87894 /* FeaturedItem.swift in Sources */ = {isa = PBXBuildFile; fileRef = 27FA041528F5B2B600D87894 /* FeaturedItem.swift */; };
		27FA041828F5B3FC00D87894 /* NavigationBar.swift in Sources */ = {isa = PBXBuildFile; fileRef = 27FA041728F5B3FC00D87894 /* NavigationBar.swift */; };
		27FA041A28F7208300D87894 /* PreferenceKeys.swift in Sources */ = {isa = PBXBuildFile; fileRef = 27FA041928F7208300D87894 /* PreferenceKeys.swift */; };
		27FA041C28F7336A00D87894 /* Course.swift in Sources */ = {isa = PBXBuildFile; fileRef = 27FA041B28F7336A00D87894 /* Course.swift */; };
/* End PBXBuildFile section */

/* Begin PBXFileReference section */
		27098BCA28EF1502002E5D26 /* Tab.swift */ = {isa = PBXFileReference; lastKnownFileType = sourcecode.swift; path = Tab.swift; sourceTree = "<group>"; };
		2772B7F128EC4D7700399C27 /* Styles.swift */ = {isa = PBXFileReference; lastKnownFileType = sourcecode.swift; path = Styles.swift; sourceTree = "<group>"; };
		2772B7F328EC688E00399C27 /* PersonView.swift */ = {isa = PBXFileReference; lastKnownFileType = sourcecode.swift; path = PersonView.swift; sourceTree = "<group>"; };
		2795143D28F89B620037F5A6 /* MatchedView.swift */ = {isa = PBXFileReference; lastKnownFileType = sourcecode.swift; path = MatchedView.swift; sourceTree = "<group>"; };
		27ADFAA528F0A3C80070026C /* HomeView.swift */ = {isa = PBXFileReference; lastKnownFileType = sourcecode.swift; path = HomeView.swift; sourceTree = "<group>"; };
		27C3185328EA2410006805AC /* Courses.app */ = {isa = PBXFileReference; explicitFileType = wrapper.application; includeInIndex = 0; path = Courses.app; sourceTree = BUILT_PRODUCTS_DIR; };
		27C3185628EA2410006805AC /* CoursesApp.swift */ = {isa = PBXFileReference; lastKnownFileType = sourcecode.swift; path = CoursesApp.swift; sourceTree = "<group>"; };
		27C3185828EA2410006805AC /* ContentView.swift */ = {isa = PBXFileReference; lastKnownFileType = sourcecode.swift; path = ContentView.swift; sourceTree = "<group>"; };
		27C3185A28EA2412006805AC /* Assets.xcassets */ = {isa = PBXFileReference; lastKnownFileType = folder.assetcatalog; path = Assets.xcassets; sourceTree = "<group>"; };
		27C3185D28EA2412006805AC /* Preview Assets.xcassets */ = {isa = PBXFileReference; lastKnownFileType = folder.assetcatalog; path = "Preview Assets.xcassets"; sourceTree = "<group>"; };
		27D36B5428EDDB3000793563 /* BlobView.swift */ = {isa = PBXFileReference; lastKnownFileType = sourcecode.swift; path = BlobView.swift; sourceTree = "<group>"; };
		27D36B5628EDF08C00793563 /* TabBar.swift */ = {isa = PBXFileReference; lastKnownFileType = sourcecode.swift; path = TabBar.swift; sourceTree = "<group>"; };
		27FA041528F5B2B600D87894 /* FeaturedItem.swift */ = {isa = PBXFileReference; lastKnownFileType = sourcecode.swift; path = FeaturedItem.swift; sourceTree = "<group>"; };
		27FA041728F5B3FC00D87894 /* NavigationBar.swift */ = {isa = PBXFileReference; lastKnownFileType = sourcecode.swift; path = NavigationBar.swift; sourceTree = "<group>"; };
		27FA041928F7208300D87894 /* PreferenceKeys.swift */ = {isa = PBXFileReference; lastKnownFileType = sourcecode.swift; path = PreferenceKeys.swift; sourceTree = "<group>"; };
		27FA041B28F7336A00D87894 /* Course.swift */ = {isa = PBXFileReference; lastKnownFileType = sourcecode.swift; path = Course.swift; sourceTree = "<group>"; };
/* End PBXFileReference section */

/* Begin PBXFrameworksBuildPhase section */
		27C3185028EA2410006805AC /* Frameworks */ = {
			isa = PBXFrameworksBuildPhase;
			buildActionMask = 2147483647;
			files = (
			);
			runOnlyForDeploymentPostprocessing = 0;
		};
/* End PBXFrameworksBuildPhase section */

/* Begin PBXGroup section */
		27ADFAA728F0A5DA0070026C /* Navigation */ = {
			isa = PBXGroup;
			children = (
				27C3185828EA2410006805AC /* ContentView.swift */,
				27D36B5628EDF08C00793563 /* TabBar.swift */,
				27FA041728F5B3FC00D87894 /* NavigationBar.swift */,
			);
			path = Navigation;
			sourceTree = "<group>";
		};
		27ADFAA828F0A6180070026C /* Components */ = {
			isa = PBXGroup;
			children = (
				27D36B5428EDDB3000793563 /* BlobView.swift */,
				27FA041528F5B2B600D87894 /* FeaturedItem.swift */,
			);
			path = Components;
			sourceTree = "<group>";
		};
		27ADFAA928F0A6210070026C /* Styles */ = {
			isa = PBXGroup;
			children = (
				2772B7F128EC4D7700399C27 /* Styles.swift */,
			);
			path = Styles;
			sourceTree = "<group>";
		};
		27ADFAAA28F0A6440070026C /* Models */ = {
			isa = PBXGroup;
			children = (
				27098BCA28EF1502002E5D26 /* Tab.swift */,
				27FA041928F7208300D87894 /* PreferenceKeys.swift */,
				27FA041B28F7336A00D87894 /* Course.swift */,
			);
			path = Models;
			sourceTree = "<group>";
		};
		27C3184A28EA2410006805AC = {
			isa = PBXGroup;
			children = (
				27C3185528EA2410006805AC /* Courses */,
				27C3185428EA2410006805AC /* Products */,
			);
			sourceTree = "<group>";
		};
		27C3185428EA2410006805AC /* Products */ = {
			isa = PBXGroup;
			children = (
				27C3185328EA2410006805AC /* Courses.app */,
			);
			name = Products;
			sourceTree = "<group>";
		};
		27C3185528EA2410006805AC /* Courses */ = {
			isa = PBXGroup;
			children = (
				27C3185628EA2410006805AC /* CoursesApp.swift */,
				27ADFAA728F0A5DA0070026C /* Navigation */,
				27D36B5828EDF1CD00793563 /* Views */,
				27ADFAAA28F0A6440070026C /* Models */,
				27ADFAA928F0A6210070026C /* Styles */,
				27C3185A28EA2412006805AC /* Assets.xcassets */,
				27C3185C28EA2412006805AC /* Preview Content */,
			);
			path = Courses;
			sourceTree = "<group>";
		};
		27C3185C28EA2412006805AC /* Preview Content */ = {
			isa = PBXGroup;
			children = (
				27C3185D28EA2412006805AC /* Preview Assets.xcassets */,
			);
			path = "Preview Content";
			sourceTree = "<group>";
		};
		27D36B5828EDF1CD00793563 /* Views */ = {
			isa = PBXGroup;
			children = (
				27FA041428F5AE4700D87894 /* Screens */,
				27ADFAA828F0A6180070026C /* Components */,
			);
			path = Views;
			sourceTree = "<group>";
		};
		27FA041428F5AE4700D87894 /* Screens */ = {
			isa = PBXGroup;
			children = (
				27ADFAA528F0A3C80070026C /* HomeView.swift */,
				2772B7F328EC688E00399C27 /* PersonView.swift */,
				2795143D28F89B620037F5A6 /* MatchedView.swift */,
			);
			path = Screens;
			sourceTree = "<group>";
		};
/* End PBXGroup section */

/* Begin PBXNativeTarget section */
		27C3185228EA2410006805AC /* Courses */ = {
			isa = PBXNativeTarget;
			buildConfigurationList = 27C3186128EA2412006805AC /* Build configuration list for PBXNativeTarget "Courses" */;
			buildPhases = (
				27C3184F28EA2410006805AC /* Sources */,
				27C3185028EA2410006805AC /* Frameworks */,
				27C3185128EA2410006805AC /* Resources */,
			);
			buildRules = (
			);
			dependencies = (
			);
			name = Courses;
			productName = Courses;
			productReference = 27C3185328EA2410006805AC /* Courses.app */;
			productType = "com.apple.product-type.application";
		};
/* End PBXNativeTarget section */

/* Begin PBXProject section */
		27C3184B28EA2410006805AC /* Project object */ = {
			isa = PBXProject;
			attributes = {
				BuildIndependentTargetsInParallel = 1;
				LastSwiftUpdateCheck = 1340;
				LastUpgradeCheck = 1340;
				TargetAttributes = {
					27C3185228EA2410006805AC = {
						CreatedOnToolsVersion = 13.4.1;
					};
				};
			};
			buildConfigurationList = 27C3184E28EA2410006805AC /* Build configuration list for PBXProject "Courses" */;
			compatibilityVersion = "Xcode 13.0";
			developmentRegion = en;
			hasScannedForEncodings = 0;
			knownRegions = (
				en,
				Base,
			);
			mainGroup = 27C3184A28EA2410006805AC;
			productRefGroup = 27C3185428EA2410006805AC /* Products */;
			projectDirPath = "";
			projectRoot = "";
			targets = (
				27C3185228EA2410006805AC /* Courses */,
			);
		};
/* End PBXProject section */

/* Begin PBXResourcesBuildPhase section */
		27C3185128EA2410006805AC /* Resources */ = {
			isa = PBXResourcesBuildPhase;
			buildActionMask = 2147483647;
			files = (
				27C3185E28EA2412006805AC /* Preview Assets.xcassets in Resources */,
				27C3185B28EA2412006805AC /* Assets.xcassets in Resources */,
			);
			runOnlyForDeploymentPostprocessing = 0;
		};
/* End PBXResourcesBuildPhase section */

/* Begin PBXSourcesBuildPhase section */
		27C3184F28EA2410006805AC /* Sources */ = {
			isa = PBXSourcesBuildPhase;
			buildActionMask = 2147483647;
			files = (
				27FA041C28F7336A00D87894 /* Course.swift in Sources */,
				27FA041A28F7208300D87894 /* PreferenceKeys.swift in Sources */,
				27D36B5528EDDB3100793563 /* BlobView.swift in Sources */,
				2772B7F228EC4D7700399C27 /* Styles.swift in Sources */,
				2795143E28F89B620037F5A6 /* MatchedView.swift in Sources */,
				2772B7F428EC688E00399C27 /* PersonView.swift in Sources */,
				27D36B5728EDF08C00793563 /* TabBar.swift in Sources */,
				27C3185928EA2410006805AC /* ContentView.swift in Sources */,
				27FA041828F5B3FC00D87894 /* NavigationBar.swift in Sources */,
				27FA041628F5B2B600D87894 /* FeaturedItem.swift in Sources */,
				27ADFAA628F0A3C80070026C /* HomeView.swift in Sources */,
				27C3185728EA2410006805AC /* CoursesApp.swift in Sources */,
				27098BCB28EF1502002E5D26 /* Tab.swift in Sources */,
			);
			runOnlyForDeploymentPostprocessing = 0;
		};
/* End PBXSourcesBuildPhase section */

/* Begin XCBuildConfiguration section */
		27C3185F28EA2412006805AC /* Debug */ = {
			isa = XCBuildConfiguration;
			buildSettings = {
				ALWAYS_SEARCH_USER_PATHS = NO;
				CLANG_ANALYZER_NONNULL = YES;
				CLANG_ANALYZER_NUMBER_OBJECT_CONVERSION = YES_AGGRESSIVE;
				CLANG_CXX_LANGUAGE_STANDARD = "gnu++17";
				CLANG_ENABLE_MODULES = YES;
				CLANG_ENABLE_OBJC_ARC = YES;
				CLANG_ENABLE_OBJC_WEAK = YES;
				CLANG_WARN_BLOCK_CAPTURE_AUTORELEASING = YES;
				CLANG_WARN_BOOL_CONVERSION = YES;
				CLANG_WARN_COMMA = YES;
				CLANG_WARN_CONSTANT_CONVERSION = YES;
				CLANG_WARN_DEPRECATED_OBJC_IMPLEMENTATIONS = YES;
				CLANG_WARN_DIRECT_OBJC_ISA_USAGE = YES_ERROR;
				CLANG_WARN_DOCUMENTATION_COMMENTS = YES;
				CLANG_WARN_EMPTY_BODY = YES;
				CLANG_WARN_ENUM_CONVERSION = YES;
				CLANG_WARN_INFINITE_RECURSION = YES;
				CLANG_WARN_INT_CONVERSION = YES;
				CLANG_WARN_NON_LITERAL_NULL_CONVERSION = YES;
				CLANG_WARN_OBJC_IMPLICIT_RETAIN_SELF = YES;
				CLANG_WARN_OBJC_LITERAL_CONVERSION = YES;
				CLANG_WARN_OBJC_ROOT_CLASS = YES_ERROR;
				CLANG_WARN_QUOTED_INCLUDE_IN_FRAMEWORK_HEADER = YES;
				CLANG_WARN_RANGE_LOOP_ANALYSIS = YES;
				CLANG_WARN_STRICT_PROTOTYPES = YES;
				CLANG_WARN_SUSPICIOUS_MOVE = YES;
				CLANG_WARN_UNGUARDED_AVAILABILITY = YES_AGGRESSIVE;
				CLANG_WARN_UNREACHABLE_CODE = YES;
				CLANG_WARN__DUPLICATE_METHOD_MATCH = YES;
				COPY_PHASE_STRIP = NO;
				DEBUG_INFORMATION_FORMAT = dwarf;
				ENABLE_STRICT_OBJC_MSGSEND = YES;
				ENABLE_TESTABILITY = YES;
				GCC_C_LANGUAGE_STANDARD = gnu11;
				GCC_DYNAMIC_NO_PIC = NO;
				GCC_NO_COMMON_BLOCKS = YES;
				GCC_OPTIMIZATION_LEVEL = 0;
				GCC_PREPROCESSOR_DEFINITIONS = (
					"DEBUG=1",
					"$(inherited)",
				);
				GCC_WARN_64_TO_32_BIT_CONVERSION = YES;
				GCC_WARN_ABOUT_RETURN_TYPE = YES_ERROR;
				GCC_WARN_UNDECLARED_SELECTOR = YES;
				GCC_WARN_UNINITIALIZED_AUTOS = YES_AGGRESSIVE;
				GCC_WARN_UNUSED_FUNCTION = YES;
				GCC_WARN_UNUSED_VARIABLE = YES;
				IPHONEOS_DEPLOYMENT_TARGET = 15.5;
				MTL_ENABLE_DEBUG_INFO = INCLUDE_SOURCE;
				MTL_FAST_MATH = YES;
				ONLY_ACTIVE_ARCH = YES;
				SDKROOT = iphoneos;
				SWIFT_ACTIVE_COMPILATION_CONDITIONS = DEBUG;
				SWIFT_OPTIMIZATION_LEVEL = "-Onone";
			};
			name = Debug;
		};
		27C3186028EA2412006805AC /* Release */ = {
			isa = XCBuildConfiguration;
			buildSettings = {
				ALWAYS_SEARCH_USER_PATHS = NO;
				CLANG_ANALYZER_NONNULL = YES;
				CLANG_ANALYZER_NUMBER_OBJECT_CONVERSION = YES_AGGRESSIVE;
				CLANG_CXX_LANGUAGE_STANDARD = "gnu++17";
				CLANG_ENABLE_MODULES = YES;
				CLANG_ENABLE_OBJC_ARC = YES;
				CLANG_ENABLE_OBJC_WEAK = YES;
				CLANG_WARN_BLOCK_CAPTURE_AUTORELEASING = YES;
				CLANG_WARN_BOOL_CONVERSION = YES;
				CLANG_WARN_COMMA = YES;
				CLANG_WARN_CONSTANT_CONVERSION = YES;
				CLANG_WARN_DEPRECATED_OBJC_IMPLEMENTATIONS = YES;
				CLANG_WARN_DIRECT_OBJC_ISA_USAGE = YES_ERROR;
				CLANG_WARN_DOCUMENTATION_COMMENTS = YES;
				CLANG_WARN_EMPTY_BODY = YES;
				CLANG_WARN_ENUM_CONVERSION = YES;
				CLANG_WARN_INFINITE_RECURSION = YES;
				CLANG_WARN_INT_CONVERSION = YES;
				CLANG_WARN_NON_LITERAL_NULL_CONVERSION = YES;
				CLANG_WARN_OBJC_IMPLICIT_RETAIN_SELF = YES;
				CLANG_WARN_OBJC_LITERAL_CONVERSION = YES;
				CLANG_WARN_OBJC_ROOT_CLASS = YES_ERROR;
				CLANG_WARN_QUOTED_INCLUDE_IN_FRAMEWORK_HEADER = YES;
				CLANG_WARN_RANGE_LOOP_ANALYSIS = YES;
				CLANG_WARN_STRICT_PROTOTYPES = YES;
				CLANG_WARN_SUSPICIOUS_MOVE = YES;
				CLANG_WARN_UNGUARDED_AVAILABILITY = YES_AGGRESSIVE;
				CLANG_WARN_UNREACHABLE_CODE = YES;
				CLANG_WARN__DUPLICATE_METHOD_MATCH = YES;
				COPY_PHASE_STRIP = NO;
				DEBUG_INFORMATION_FORMAT = "dwarf-with-dsym";
				ENABLE_NS_ASSERTIONS = NO;
				ENABLE_STRICT_OBJC_MSGSEND = YES;
				GCC_C_LANGUAGE_STANDARD = gnu11;
				GCC_NO_COMMON_BLOCKS = YES;
				GCC_WARN_64_TO_32_BIT_CONVERSION = YES;
				GCC_WARN_ABOUT_RETURN_TYPE = YES_ERROR;
				GCC_WARN_UNDECLARED_SELECTOR = YES;
				GCC_WARN_UNINITIALIZED_AUTOS = YES_AGGRESSIVE;
				GCC_WARN_UNUSED_FUNCTION = YES;
				GCC_WARN_UNUSED_VARIABLE = YES;
				IPHONEOS_DEPLOYMENT_TARGET = 15.5;
				MTL_ENABLE_DEBUG_INFO = NO;
				MTL_FAST_MATH = YES;
				SDKROOT = iphoneos;
				SWIFT_COMPILATION_MODE = wholemodule;
				SWIFT_OPTIMIZATION_LEVEL = "-O";
				VALIDATE_PRODUCT = YES;
			};
			name = Release;
		};
		27C3186228EA2412006805AC /* Debug */ = {
			isa = XCBuildConfiguration;
			buildSettings = {
				ASSETCATALOG_COMPILER_APPICON_NAME = AppIcon;
				ASSETCATALOG_COMPILER_GLOBAL_ACCENT_COLOR_NAME = AccentColor;
				CODE_SIGN_STYLE = Automatic;
				CURRENT_PROJECT_VERSION = 1;
				DEVELOPMENT_ASSET_PATHS = "\"Courses/Preview Content\"";
				DEVELOPMENT_TEAM = 3VCC283F6L;
				ENABLE_PREVIEWS = YES;
				GENERATE_INFOPLIST_FILE = YES;
				INFOPLIST_KEY_UIApplicationSceneManifest_Generation = YES;
				INFOPLIST_KEY_UIApplicationSupportsIndirectInputEvents = YES;
				INFOPLIST_KEY_UILaunchScreen_Generation = YES;
				INFOPLIST_KEY_UISupportedInterfaceOrientations_iPad = "UIInterfaceOrientationPortrait UIInterfaceOrientationPortraitUpsideDown UIInterfaceOrientationLandscapeLeft UIInterfaceOrientationLandscapeRight";
				INFOPLIST_KEY_UISupportedInterfaceOrientations_iPhone = "UIInterfaceOrientationPortrait UIInterfaceOrientationLandscapeLeft UIInterfaceOrientationLandscapeRight";
				LD_RUNPATH_SEARCH_PATHS = (
					"$(inherited)",
					"@executable_path/Frameworks",
				);
				MARKETING_VERSION = 1.0;
				PRODUCT_BUNDLE_IDENTIFIER = Dmytro.Courses;
				PRODUCT_NAME = "$(TARGET_NAME)";
				SWIFT_EMIT_LOC_STRINGS = YES;
				SWIFT_VERSION = 5.0;
				TARGETED_DEVICE_FAMILY = "1,2";
			};
			name = Debug;
		};
		27C3186328EA2412006805AC /* Release */ = {
			isa = XCBuildConfiguration;
			buildSettings = {
				ASSETCATALOG_COMPILER_APPICON_NAME = AppIcon;
				ASSETCATALOG_COMPILER_GLOBAL_ACCENT_COLOR_NAME = AccentColor;
				CODE_SIGN_STYLE = Automatic;
				CURRENT_PROJECT_VERSION = 1;
				DEVELOPMENT_ASSET_PATHS = "\"Courses/Preview Content\"";
				DEVELOPMENT_TEAM = 3VCC283F6L;
				ENABLE_PREVIEWS = YES;
				GENERATE_INFOPLIST_FILE = YES;
				INFOPLIST_KEY_UIApplicationSceneManifest_Generation = YES;
				INFOPLIST_KEY_UIApplicationSupportsIndirectInputEvents = YES;
				INFOPLIST_KEY_UILaunchScreen_Generation = YES;
				INFOPLIST_KEY_UISupportedInterfaceOrientations_iPad = "UIInterfaceOrientationPortrait UIInterfaceOrientationPortraitUpsideDown UIInterfaceOrientationLandscapeLeft UIInterfaceOrientationLandscapeRight";
				INFOPLIST_KEY_UISupportedInterfaceOrientations_iPhone = "UIInterfaceOrientationPortrait UIInterfaceOrientationLandscapeLeft UIInterfaceOrientationLandscapeRight";
				LD_RUNPATH_SEARCH_PATHS = (
					"$(inherited)",
					"@executable_path/Frameworks",
				);
				MARKETING_VERSION = 1.0;
				PRODUCT_BUNDLE_IDENTIFIER = Dmytro.Courses;
				PRODUCT_NAME = "$(TARGET_NAME)";
				SWIFT_EMIT_LOC_STRINGS = YES;
				SWIFT_VERSION = 5.0;
				TARGETED_DEVICE_FAMILY = "1,2";
			};
			name = Release;
		};
/* End XCBuildConfiguration section */

/* Begin XCConfigurationList section */
		27C3184E28EA2410006805AC /* Build configuration list for PBXProject "Courses" */ = {
			isa = XCConfigurationList;
			buildConfigurations = (
				27C3185F28EA2412006805AC /* Debug */,
				27C3186028EA2412006805AC /* Release */,
			);
			defaultConfigurationIsVisible = 0;
			defaultConfigurationName = Release;
		};
		27C3186128EA2412006805AC /* Build configuration list for PBXNativeTarget "Courses" */ = {
			isa = XCConfigurationList;
			buildConfigurations = (
				27C3186228EA2412006805AC /* Debug */,
				27C3186328EA2412006805AC /* Release */,
			);
			defaultConfigurationIsVisible = 0;
			defaultConfigurationName = Release;
		};
/* End XCConfigurationList section */
	};
	rootObject = 27C3184B28EA2410006805AC /* Project object */;
}
